
Microsoft Visual Studio Solution File, Format Version 12.00
# Visual Studio Version 17
VisualStudioVersion = 17.8.34322.80
MinimumVisualStudioVersion = 10.0.40219.1
Project("{FAE04EC0-301F-11D3-BF4B-00C04F79EFBC}") = "BlenderAPI", "BlenderAPI\BlenderAPI.csproj", "{D60A987C-C327-480B-A065-5CD60FCC53F3}"
EndProject
Global
	GlobalSection(SolutionConfigurationPlatforms) = preSolution
		Debug|Any CPU = Debug|Any CPU
		Release|Any CPU = Release|Any CPU
	EndGlobalSection
	GlobalSection(ProjectConfigurationPlatforms) = postSolution
		{D60A987C-C327-480B-A065-5CD60FCC53F3}.Debug|Any CPU.ActiveCfg = Debug|Any CPU
		{D60A987C-C327-480B-A065-5CD60FCC53F3}.Debug|Any CPU.Build.0 = Debug|Any CPU
		{D60A987C-C327-480B-A065-5CD60FCC53F3}.Release|Any CPU.ActiveCfg = Release|Any CPU
		{D60A987C-C327-480B-A065-5CD60FCC53F3}.Release|Any CPU.Build.0 = Release|Any CPU
	EndGlobalSection
	GlobalSection(SolutionProperties) = preSolution
		HideSolutionNode = FALSE
	EndGlobalSection
	GlobalSection(ExtensibilityGlobals) = postSolution
		SolutionGuid = {82427C6D-0A29-4B3E-8AE5-2695781AD55D}
	EndGlobalSection
EndGlobal
